{
  "name": "mini-email-sender",
  "version": "1.0.0",
  "lockfileVersion": 1,
  "requires": true,
  "dependencies": {
    "dotenv": {
      "version": "8.2.0",
      "resolved": "https://registry.npmjs.org/dotenv/-/dotenv-8.2.0.tgz",
      "integrity": "sha512-8sJ78ElpbDJBHNeBzUbUVLsqKdccaa/BXF1uPTw3GrvQTBgrQrtObr2mUrE38vzYd8cEv+m/JBfDLioYcfXoaw=="
    },
    "nodejs-nodemailer-outlook": {
      "version": "1.2.3",
      "resolved": "https://registry.npmjs.org/nodejs-nodemailer-outlook/-/nodejs-nodemailer-outlook-1.2.3.tgz",
      "integrity": "sha512-qSRBM95Q/JI529z8by2nDSOUNU3B1UkqXjZq6PM6/6Le1/ghEeQK3Wx2Gm6/LHnSPPqtqE88EbTMWC/Mx+qmew==",
      "requires": {
        "nodemailer": "^4.4.1"
      },
      "dependencies": {
        "nodemailer": {
          "version": "4.7.0",
          "resolved": "https://registry.npmjs.org/nodemailer/-/nodemailer-4.7.0.tgz",
          "integrity": "sha512-IludxDypFpYw4xpzKdMAozBSkzKHmNBvGanUREjJItgJ2NYcK/s8+PggVhj7c2yGFQykKsnnmv1+Aqo0ZfjHmw=="
        }
      }
    },
    "nodemailer": {
      "version": "6.4.16",
      "resolved": "https://registry.npmjs.org/nodemailer/-/nodemailer-6.4.16.tgz",
      "integrity": "sha512-68K0LgZ6hmZ7PVmwL78gzNdjpj5viqBdFqKrTtr9bZbJYj6BRj5W6WGkxXrEnUl3Co3CBXi3CZBUlpV/foGnOQ=="
    }
  }
}
